
Microsoft Visual Studio Solution File, Format Version 12.00
# Visual Studio Version 17
VisualStudioVersion = 17.14.36109.1 d17.14
MinimumVisualStudioVersion = 10.0.40219.1
Project("{FAE04EC0-301F-11D3-BF4B-00C04F79EFBC}") = "Konverzia meraní", "Konverzia meraní\Konverzia meraní.csproj", "{4EA7B282-28A1-4F8B-8295-F8E71583DBEC}"
EndProject
Global
	GlobalSection(SolutionConfigurationPlatforms) = preSolution
		Debug|Any CPU = Debug|Any CPU
		Release|Any CPU = Release|Any CPU
	EndGlobalSection
	GlobalSection(ProjectConfigurationPlatforms) = postSolution
		{4EA7B282-28A1-4F8B-8295-F8E71583DBEC}.Debug|Any CPU.ActiveCfg = Debug|Any CPU
		{4EA7B282-28A1-4F8B-8295-F8E71583DBEC}.Debug|Any CPU.Build.0 = Debug|Any CPU
		{4EA7B282-28A1-4F8B-8295-F8E71583DBEC}.Release|Any CPU.ActiveCfg = Release|Any CPU
		{4EA7B282-28A1-4F8B-8295-F8E71583DBEC}.Release|Any CPU.Build.0 = Release|Any CPU
	EndGlobalSection
	GlobalSection(SolutionProperties) = preSolution
		HideSolutionNode = FALSE
	EndGlobalSection
	GlobalSection(ExtensibilityGlobals) = postSolution
		SolutionGuid = {B15170A0-5A29-41DC-B4C4-9C1F09F76CB7}
	EndGlobalSection
EndGlobal
