
Microsoft Visual Studio Solution File, Format Version 12.00
# Visual Studio Version 17
VisualStudioVersion = 17.13.35919.96 d17.13
MinimumVisualStudioVersion = 10.0.40219.1
Project("{FAE04EC0-301F-11D3-BF4B-00C04F79EFBC}") = "Keno10", "Keno10\Keno10.csproj", "{47CCA3CB-3867-4055-B4F9-EC8DBA5D0BF3}"
EndProject
Global
	GlobalSection(SolutionConfigurationPlatforms) = preSolution
		Debug|Any CPU = Debug|Any CPU
		Release|Any CPU = Release|Any CPU
	EndGlobalSection
	GlobalSection(ProjectConfigurationPlatforms) = postSolution
		{47CCA3CB-3867-4055-B4F9-EC8DBA5D0BF3}.Debug|Any CPU.ActiveCfg = Debug|Any CPU
		{47CCA3CB-3867-4055-B4F9-EC8DBA5D0BF3}.Debug|Any CPU.Build.0 = Debug|Any CPU
		{47CCA3CB-3867-4055-B4F9-EC8DBA5D0BF3}.Release|Any CPU.ActiveCfg = Release|Any CPU
		{47CCA3CB-3867-4055-B4F9-EC8DBA5D0BF3}.Release|Any CPU.Build.0 = Release|Any CPU
	EndGlobalSection
	GlobalSection(SolutionProperties) = preSolution
		HideSolutionNode = FALSE
	EndGlobalSection
	GlobalSection(ExtensibilityGlobals) = postSolution
		SolutionGuid = {281F29E5-5A97-48CC-96E5-33DECE1B01A4}
	EndGlobalSection
EndGlobal
