
Microsoft Visual Studio Solution File, Format Version 12.00
# Visual Studio Version 17
VisualStudioVersion = 17.13.35919.96 d17.13
MinimumVisualStudioVersion = 10.0.40219.1
Project("{FAE04EC0-301F-11D3-BF4B-00C04F79EFBC}") = "Matice diagonaly", "Matice diagonaly\Matice diagonaly.csproj", "{4F55CDEC-C1B5-4254-9476-D5E49F966FE2}"
EndProject
Global
	GlobalSection(SolutionConfigurationPlatforms) = preSolution
		Debug|Any CPU = Debug|Any CPU
		Release|Any CPU = Release|Any CPU
	EndGlobalSection
	GlobalSection(ProjectConfigurationPlatforms) = postSolution
		{4F55CDEC-C1B5-4254-9476-D5E49F966FE2}.Debug|Any CPU.ActiveCfg = Debug|Any CPU
		{4F55CDEC-C1B5-4254-9476-D5E49F966FE2}.Debug|Any CPU.Build.0 = Debug|Any CPU
		{4F55CDEC-C1B5-4254-9476-D5E49F966FE2}.Release|Any CPU.ActiveCfg = Release|Any CPU
		{4F55CDEC-C1B5-4254-9476-D5E49F966FE2}.Release|Any CPU.Build.0 = Release|Any CPU
	EndGlobalSection
	GlobalSection(SolutionProperties) = preSolution
		HideSolutionNode = FALSE
	EndGlobalSection
	GlobalSection(ExtensibilityGlobals) = postSolution
		SolutionGuid = {CDF76766-6C66-4D9B-AC2E-0C1D992DD327}
	EndGlobalSection
EndGlobal
