
Microsoft Visual Studio Solution File, Format Version 12.00
# Visual Studio Version 16
VisualStudioVersion = 16.0.33801.447
MinimumVisualStudioVersion = 10.0.40219.1
Project("{FAE04EC0-301F-11D3-BF4B-00C04F79EFBC}") = "CvPon14_4_25", "CvPon14_4_25\CvPon14_4_25.csproj", "{76991DDD-156F-4BE5-974F-DCA751F57201}"
EndProject
Global
	GlobalSection(SolutionConfigurationPlatforms) = preSolution
		Debug|Any CPU = Debug|Any CPU
		Release|Any CPU = Release|Any CPU
	EndGlobalSection
	GlobalSection(ProjectConfigurationPlatforms) = postSolution
		{76991DDD-156F-4BE5-974F-DCA751F57201}.Debug|Any CPU.ActiveCfg = Debug|Any CPU
		{76991DDD-156F-4BE5-974F-DCA751F57201}.Debug|Any CPU.Build.0 = Debug|Any CPU
		{76991DDD-156F-4BE5-974F-DCA751F57201}.Release|Any CPU.ActiveCfg = Release|Any CPU
		{76991DDD-156F-4BE5-974F-DCA751F57201}.Release|Any CPU.Build.0 = Release|Any CPU
	EndGlobalSection
	GlobalSection(SolutionProperties) = preSolution
		HideSolutionNode = FALSE
	EndGlobalSection
	GlobalSection(ExtensibilityGlobals) = postSolution
		SolutionGuid = {1F6CFFDF-B58D-487F-A605-C953E43E4AC7}
	EndGlobalSection
EndGlobal
